
Microsoft Visual Studio Solution File, Format Version 12.00
# Visual Studio Version 17
VisualStudioVersion = 17.7.34221.43
MinimumVisualStudioVersion = 10.0.40219.1
Project("{FAE04EC0-301F-11D3-BF4B-00C04F79EFBC}") = "ConsAss10", "ConsAss10\ConsAss10.csproj", "{2AFC5592-2343-4192-8B86-31FB79440B60}"
EndProject
Global
	GlobalSection(SolutionConfigurationPlatforms) = preSolution
		Debug|Any CPU = Debug|Any CPU
		Release|Any CPU = Release|Any CPU
	EndGlobalSection
	GlobalSection(ProjectConfigurationPlatforms) = postSolution
		{2AFC5592-2343-4192-8B86-31FB79440B60}.Debug|Any CPU.ActiveCfg = Debug|Any CPU
		{2AFC5592-2343-4192-8B86-31FB79440B60}.Debug|Any CPU.Build.0 = Debug|Any CPU
		{2AFC5592-2343-4192-8B86-31FB79440B60}.Release|Any CPU.ActiveCfg = Release|Any CPU
		{2AFC5592-2343-4192-8B86-31FB79440B60}.Release|Any CPU.Build.0 = Release|Any CPU
	EndGlobalSection
	GlobalSection(SolutionProperties) = preSolution
		HideSolutionNode = FALSE
	EndGlobalSection
	GlobalSection(ExtensibilityGlobals) = postSolution
		SolutionGuid = {F0C7413F-C4C9-4DDF-848E-0F6AAA002E5A}
	EndGlobalSection
EndGlobal
